<?xml version="1.0" encoding="utf-8"?>
<Project ToolsVersion="4.0" xmlns="http://schemas.microsoft.com/developer/msbuild/2003">
  <ItemGroup>
    <Filter Include="Src">
      <UniqueIdentifier>{0D23880B-792C-887C-02A8-9E7C6EB0937C}</UniqueIdentifier>
    </Filter>
    <Filter Include="Src\Asset">
      <UniqueIdentifier>{5C2D0723-C897-BB99-11D6-6C3F7D7F99EE}</UniqueIdentifier>
    </Filter>
    <Filter Include="Src\Consolid">
      <UniqueIdentifier>{F7DD73CC-E340-0371-8CC6-3B277808CFF3}</UniqueIdentifier>
    </Filter>
    <Filter Include="Src\DesignPatterns">
      <UniqueIdentifier>{27868C29-136A-4D7F-7CCA-47D268CD3701}</UniqueIdentifier>
    </Filter>
    <Filter Include="Src\Graphics">
      <UniqueIdentifier>{EDA9DC45-D90C-6CEA-8292-A4A06ED4376D}</UniqueIdentifier>
    </Filter>
    <Filter Include="Src\Math">
      <UniqueIdentifier>{0678E746-F244-4252-1B5E-30FA078A77E0}</UniqueIdentifier>
    </Filter>
    <Filter Include="Src\ModelLoader">
      <UniqueIdentifier>{240F4C61-909A-B925-99AB-3C1A05B61526}</UniqueIdentifier>
    </Filter>
    <Filter Include="Src\PCH">
      <UniqueIdentifier>{9704E809-03E4-66A5-0CFC-F17B785ACD06}</UniqueIdentifier>
    </Filter>
    <Filter Include="Src\Shaders">
      <UniqueIdentifier>{E6043150-52BA-A945-DBAE-A31C4763A049}</UniqueIdentifier>
    </Filter>
    <Filter Include="Src\TextureLoader">
      <UniqueIdentifier>{843AA8C6-F050-A65C-39C8-317EA51D77E4}</UniqueIdentifier>
    </Filter>
    <Filter Include="Src\Utility">
      <UniqueIdentifier>{509EB806-BC53-31FC-4548-2BD3B1FC2700}</UniqueIdentifier>
    </Filter>
    <Filter Include="ThirdParty">
      <UniqueIdentifier>{107145F9-FC28-8746-6530-60A251072237}</UniqueIdentifier>
    </Filter>
    <Filter Include="ThirdParty\DirectXTex">
      <UniqueIdentifier>{631DCFD8-CF89-8AD3-987D-223104A9AC3B}</UniqueIdentifier>
    </Filter>
    <Filter Include="ThirdParty\assimp">
      <UniqueIdentifier>{2C0A5119-9820-4FAF-E197-DAD04DED1F37}</UniqueIdentifier>
    </Filter>
    <Filter Include="ThirdParty\assimp\Compiler">
      <UniqueIdentifier>{167BE9DE-028B-95AF-6B44-FACD57738448}</UniqueIdentifier>
    </Filter>
    <Filter Include="ThirdParty\assimp\port">
      <UniqueIdentifier>{2017BC51-0C11-E5A3-F57D-7BB4E1164B10}</UniqueIdentifier>
    </Filter>
    <Filter Include="ThirdParty\assimp\port\AndroidJNI">
      <UniqueIdentifier>{710DEF6B-DD7B-44EB-2665-FFEA92123A87}</UniqueIdentifier>
    </Filter>
    <Filter Include="ThirdParty\assimp\utf8cpp">
      <UniqueIdentifier>{45E57E60-B1A7-B2EA-FA57-417766598BC8}</UniqueIdentifier>
    </Filter>
    <Filter Include="ThirdParty\assimp\utf8cpp\source">
      <UniqueIdentifier>{C5C736EE-B118-2230-DA7C-10F2C62CB599}</UniqueIdentifier>
    </Filter>
    <Filter Include="ThirdParty\assimp\utf8cpp\source\utf8">
      <UniqueIdentifier>{BB0DA841-27D2-A631-F037-D7FB5CBB4267}</UniqueIdentifier>
    </Filter>
    <Filter Include="ThirdParty\dxc">
      <UniqueIdentifier>{1EF8D211-0AC6-C617-F359-373EDFC6A27C}</UniqueIdentifier>
    </Filter>
    <Filter Include="ThirdParty\dxc\inc">
      <UniqueIdentifier>{276AC934-134E-8A8A-7CAE-84DD68B1740C}</UniqueIdentifier>
    </Filter>
    <Filter Include="ThirdParty\imgui">
      <UniqueIdentifier>{7A0AC6D2-6603-E524-8F35-CAA97B8DC430}</UniqueIdentifier>
    </Filter>
    <Filter Include="ThirdParty\imgui\backends">
      <UniqueIdentifier>{E4EDCF95-50B0-0320-9960-92AC0562DCFD}</UniqueIdentifier>
    </Filter>
    <Filter Include="ThirdParty\loguru">
      <UniqueIdentifier>{3D06AB32-A91C-A9C8-F293-34EA5EE97950}</UniqueIdentifier>
    </Filter>
  </ItemGroup>
  <ItemGroup>
    <ClInclude Include="Src\Asset\StaticMesh.h">
      <Filter>Src\Asset</Filter>
    </ClInclude>
    <ClInclude Include="Src\Consolid\Consolid.h">
      <Filter>Src\Consolid</Filter>
    </ClInclude>
    <ClInclude Include="Src\Consolid\DashWinAPI.h">
      <Filter>Src\Consolid</Filter>
    </ClInclude>
    <ClInclude Include="Src\DesignPatterns\Delegate.h">
      <Filter>Src\DesignPatterns</Filter>
    </ClInclude>
    <ClInclude Include="Src\DesignPatterns\DelegateBase.h">
      <Filter>Src\DesignPatterns</Filter>
    </ClInclude>
    <ClInclude Include="Src\DesignPatterns\MulticastDelegate.h">
      <Filter>Src\DesignPatterns</Filter>
    </ClInclude>
    <ClInclude Include="Src\DesignPatterns\Singleton.h">
      <Filter>Src\DesignPatterns</Filter>
    </ClInclude>
    <ClInclude Include="Src\EntryPoint.h">
      <Filter>Src</Filter>
    </ClInclude>
    <ClInclude Include="Src\Graphics\BlendState.h">
      <Filter>Src\Graphics</Filter>
    </ClInclude>
    <ClInclude Include="Src\Graphics\Camera.h">
      <Filter>Src\Graphics</Filter>
    </ClInclude>
    <ClInclude Include="Src\Graphics\ColorBuffer.h">
      <Filter>Src\Graphics</Filter>
    </ClInclude>
    <ClInclude Include="Src\Graphics\CommandContext.h">
      <Filter>Src\Graphics</Filter>
    </ClInclude>
    <ClInclude Include="Src\Graphics\CommandQueue.h">
      <Filter>Src\Graphics</Filter>
    </ClInclude>
    <ClInclude Include="Src\Graphics\CpuDescriptorAllocation.h">
      <Filter>Src\Graphics</Filter>
    </ClInclude>
    <ClInclude Include="Src\Graphics\CpuDescriptorAllocator.h">
      <Filter>Src\Graphics</Filter>
    </ClInclude>
    <ClInclude Include="Src\Graphics\CpuDescriptorAllocatorPage.h">
      <Filter>Src\Graphics</Filter>
    </ClInclude>
    <ClInclude Include="Src\Graphics\DX12Helper.h">
      <Filter>Src\Graphics</Filter>
    </ClInclude>
    <ClInclude Include="Src\Graphics\DepthBuffer.h">
      <Filter>Src\Graphics</Filter>
    </ClInclude>
    <ClInclude Include="Src\Graphics\DepthStencilState.h">
      <Filter>Src\Graphics</Filter>
    </ClInclude>
    <ClInclude Include="Src\Graphics\DynamicDescriptorHeap.h">
      <Filter>Src\Graphics</Filter>
    </ClInclude>
    <ClInclude Include="Src\Graphics\GameApp.h">
      <Filter>Src\Graphics</Filter>
    </ClInclude>
    <ClInclude Include="Src\Graphics\GpuBuffer.h">
      <Filter>Src\Graphics</Filter>
    </ClInclude>
    <ClInclude Include="Src\Graphics\GpuLinearAllocator.h">
      <Filter>Src\Graphics</Filter>
    </ClInclude>
    <ClInclude Include="Src\Graphics\GpuResource.h">
      <Filter>Src\Graphics</Filter>
    </ClInclude>
    <ClInclude Include="Src\Graphics\GpuResourcesStateTracker.h">
      <Filter>Src\Graphics</Filter>
    </ClInclude>
    <ClInclude Include="Src\Graphics\GraphicsCore.h">
      <Filter>Src\Graphics</Filter>
    </ClInclude>
    <ClInclude Include="Src\Graphics\InputAssemblerLayout.h">
      <Filter>Src\Graphics</Filter>
    </ClInclude>
    <ClInclude Include="Src\Graphics\PipelineStateObject.h">
      <Filter>Src\Graphics</Filter>
    </ClInclude>
    <ClInclude Include="Src\Graphics\PixelBuffer.h">
      <Filter>Src\Graphics</Filter>
    </ClInclude>
    <ClInclude Include="Src\Graphics\PrimitiveTopology.h">
      <Filter>Src\Graphics</Filter>
    </ClInclude>
    <ClInclude Include="Src\Graphics\RasterizerState.h">
      <Filter>Src\Graphics</Filter>
    </ClInclude>
    <ClInclude Include="Src\Graphics\ReadbackBuffer.h">
      <Filter>Src\Graphics</Filter>
    </ClInclude>
    <ClInclude Include="Src\Graphics\RenderDevice.h">
      <Filter>Src\Graphics</Filter>
    </ClInclude>
    <ClInclude Include="Src\Graphics\RenderTarget.h">
      <Filter>Src\Graphics</Filter>
    </ClInclude>
    <ClInclude Include="Src\Graphics\ResourceDescription.h">
      <Filter>Src\Graphics</Filter>
    </ClInclude>
    <ClInclude Include="Src\Graphics\ResourceFormat.h">
      <Filter>Src\Graphics</Filter>
    </ClInclude>
    <ClInclude Include="Src\Graphics\ResourceState.h">
      <Filter>Src\Graphics</Filter>
    </ClInclude>
    <ClInclude Include="Src\Graphics\RootSignature.h">
      <Filter>Src\Graphics</Filter>
    </ClInclude>
    <ClInclude Include="Src\Graphics\SamplerDesc.h">
      <Filter>Src\Graphics</Filter>
    </ClInclude>
    <ClInclude Include="Src\Graphics\ShaderCompiler.h">
      <Filter>Src\Graphics</Filter>
    </ClInclude>
    <ClInclude Include="Src\Graphics\ShaderMap.h">
      <Filter>Src\Graphics</Filter>
    </ClInclude>
    <ClInclude Include="Src\Graphics\ShaderPass.h">
      <Filter>Src\Graphics</Filter>
    </ClInclude>
    <ClInclude Include="Src\Graphics\ShaderResource.h">
      <Filter>Src\Graphics</Filter>
    </ClInclude>
    <ClInclude Include="Src\Graphics\ShaderTechnique.h">
      <Filter>Src\Graphics</Filter>
    </ClInclude>
    <ClInclude Include="Src\Graphics\SwapChain.h">
      <Filter>Src\Graphics</Filter>
    </ClInclude>
    <ClInclude Include="Src\Graphics\TextureBuffer.h">
      <Filter>Src\Graphics</Filter>
    </ClInclude>
    <ClInclude Include="Src\Graphics\Viewport.h">
      <Filter>Src\Graphics</Filter>
    </ClInclude>
    <ClInclude Include="Src\Graphics\d3dx12.h">
      <Filter>Src\Graphics</Filter>
    </ClInclude>
    <ClInclude Include="Src\Math\AABB.h">
      <Filter>Src\Math</Filter>
    </ClInclude>
    <ClInclude Include="Src\Math\AABB2.h">
      <Filter>Src\Math</Filter>
    </ClInclude>
    <ClInclude Include="Src\Math\AABB3.h">
      <Filter>Src\Math</Filter>
    </ClInclude>
    <ClInclude Include="Src\Math\Algebra.h">
      <Filter>Src\Math</Filter>
    </ClInclude>
    <ClInclude Include="Src\Math\BitMask.h">
      <Filter>Src\Math</Filter>
    </ClInclude>
    <ClInclude Include="Src\Math\Color.h">
      <Filter>Src\Math</Filter>
    </ClInclude>
    <ClInclude Include="Src\Math\Intersection.h">
      <Filter>Src\Math</Filter>
    </ClInclude>
    <ClInclude Include="Src\Math\Interval.h">
      <Filter>Src\Math</Filter>
    </ClInclude>
    <ClInclude Include="Src\Math\MathType.h">
      <Filter>Src\Math</Filter>
    </ClInclude>
    <ClInclude Include="Src\Math\Matrix3x3.h">
      <Filter>Src\Math</Filter>
    </ClInclude>
    <ClInclude Include="Src\Math\Matrix4x4.h">
      <Filter>Src\Math</Filter>
    </ClInclude>
    <ClInclude Include="Src\Math\Metric.h">
      <Filter>Src\Math</Filter>
    </ClInclude>
    <ClInclude Include="Src\Math\Promote.h">
      <Filter>Src\Math</Filter>
    </ClInclude>
    <ClInclude Include="Src\Math\Quaternion.h">
      <Filter>Src\Math</Filter>
    </ClInclude>
    <ClInclude Include="Src\Math\Ray.h">
      <Filter>Src\Math</Filter>
    </ClInclude>
    <ClInclude Include="Src\Math\Scalar.h">
      <Filter>Src\Math</Filter>
    </ClInclude>
    <ClInclude Include="Src\Math\ScalarArray.h">
      <Filter>Src\Math</Filter>
    </ClInclude>
    <ClInclude Include="Src\Math\ScalarMatrix.h">
      <Filter>Src\Math</Filter>
    </ClInclude>
    <ClInclude Include="Src\Math\ScalarTraits.h">
      <Filter>Src\Math</Filter>
    </ClInclude>
    <ClInclude Include="Src\Math\Transform.h">
      <Filter>Src\Math</Filter>
    </ClInclude>
    <ClInclude Include="Src\Math\Vector2.h">
      <Filter>Src\Math</Filter>
    </ClInclude>
    <ClInclude Include="Src\Math\Vector3.h">
      <Filter>Src\Math</Filter>
    </ClInclude>
    <ClInclude Include="Src\Math\Vector4.h">
      <Filter>Src\Math</Filter>
    </ClInclude>
    <ClInclude Include="Src\Math\Vector4_SSE.h">
      <Filter>Src\Math</Filter>
    </ClInclude>
    <ClInclude Include="Src\ModelLoader\MeshLoaderHelper.h">
      <Filter>Src\ModelLoader</Filter>
    </ClInclude>
    <ClInclude Include="Src\ModelLoader\StaticMeshLoader.h">
      <Filter>Src\ModelLoader</Filter>
    </ClInclude>
    <ClInclude Include="Src\PCH\PCH.h">
      <Filter>Src\PCH</Filter>
    </ClInclude>
    <ClInclude Include="Src\TextureLoader\DDSTextureLoader.h">
      <Filter>Src\TextureLoader</Filter>
    </ClInclude>
    <ClInclude Include="Src\TextureLoader\HDRTextureLoader.h">
      <Filter>Src\TextureLoader</Filter>
    </ClInclude>
    <ClInclude Include="Src\TextureLoader\TGATextureLoader.h">
      <Filter>Src\TextureLoader</Filter>
    </ClInclude>
    <ClInclude Include="Src\TextureLoader\TextureLoaderHelper.h">
      <Filter>Src\TextureLoader</Filter>
    </ClInclude>
    <ClInclude Include="Src\TextureLoader\WICTextureLoader.h">
      <Filter>Src\TextureLoader</Filter>
    </ClInclude>
    <ClInclude Include="Src\Utility\Assert.h">
      <Filter>Src\Utility</Filter>
    </ClInclude>
    <ClInclude Include="Src\Utility\BitwiseEnum.h">
      <Filter>Src\Utility</Filter>
    </ClInclude>
    <ClInclude Include="Src\Utility\Events.h">
      <Filter>Src\Utility</Filter>
    </ClInclude>
    <ClInclude Include="Src\Utility\FileUtility.h">
      <Filter>Src\Utility</Filter>
    </ClInclude>
    <ClInclude Include="Src\Utility\Hash.h">
      <Filter>Src\Utility</Filter>
    </ClInclude>
    <ClInclude Include="Src\Utility\KeyCodes.h">
      <Filter>Src\Utility</Filter>
    </ClInclude>
    <ClInclude Include="Src\Utility\Keyboard.h">
      <Filter>Src\Utility</Filter>
    </ClInclude>
    <ClInclude Include="Src\Utility\LogEnums.h">
      <Filter>Src\Utility</Filter>
    </ClInclude>
    <ClInclude Include="Src\Utility\LogManager.h">
      <Filter>Src\Utility</Filter>
    </ClInclude>
    <ClInclude Include="Src\Utility\Mouse.h">
      <Filter>Src\Utility</Filter>
    </ClInclude>
    <ClInclude Include="Src\Utility\StringUtility.h">
      <Filter>Src\Utility</Filter>
    </ClInclude>
    <ClInclude Include="Src\Utility\SystemTimer.h">
      <Filter>Src\Utility</Filter>
    </ClInclude>
    <ClInclude Include="Src\Utility\ThreadSafeQueue.h">
      <Filter>Src\Utility</Filter>
    </ClInclude>
    <ClInclude Include="Src\Utility\Visitor.h">
      <Filter>Src\Utility</Filter>
    </ClInclude>
    <ClInclude Include="ThirdParty\DirectXTex\BC.h">
      <Filter>ThirdParty\DirectXTex</Filter>
    </ClInclude>
    <ClInclude Include="ThirdParty\DirectXTex\DDS.h">
      <Filter>ThirdParty\DirectXTex</Filter>
    </ClInclude>
    <ClInclude Include="ThirdParty\DirectXTex\DirectXTex.h">
      <Filter>ThirdParty\DirectXTex</Filter>
    </ClInclude>
    <ClInclude Include="ThirdParty\DirectXTex\DirectXTexP.h">
      <Filter>ThirdParty\DirectXTex</Filter>
    </ClInclude>
    <ClInclude Include="ThirdParty\DirectXTex\filters.h">
      <Filter>ThirdParty\DirectXTex</Filter>
    </ClInclude>
    <ClInclude Include="ThirdParty\DirectXTex\scoped.h">
      <Filter>ThirdParty\DirectXTex</Filter>
    </ClInclude>
    <ClInclude Include="ThirdParty\assimp\AssertHandler.h">
      <Filter>ThirdParty\assimp</Filter>
    </ClInclude>
    <ClInclude Include="ThirdParty\assimp\BaseImporter.h">
      <Filter>ThirdParty\assimp</Filter>
    </ClInclude>
    <ClInclude Include="ThirdParty\assimp\Bitmap.h">
      <Filter>ThirdParty\assimp</Filter>
    </ClInclude>
    <ClInclude Include="ThirdParty\assimp\BlobIOSystem.h">
      <Filter>ThirdParty\assimp</Filter>
    </ClInclude>
    <ClInclude Include="ThirdParty\assimp\ByteSwapper.h">
      <Filter>ThirdParty\assimp</Filter>
    </ClInclude>
    <ClInclude Include="ThirdParty\assimp\ColladaMetaData.h">
      <Filter>ThirdParty\assimp</Filter>
    </ClInclude>
    <ClInclude Include="ThirdParty\assimp\Compiler\poppack1.h">
      <Filter>ThirdParty\assimp\Compiler</Filter>
    </ClInclude>
    <ClInclude Include="ThirdParty\assimp\Compiler\pstdint.h">
      <Filter>ThirdParty\assimp\Compiler</Filter>
    </ClInclude>
    <ClInclude Include="ThirdParty\assimp\Compiler\pushpack1.h">
      <Filter>ThirdParty\assimp\Compiler</Filter>
    </ClInclude>
    <ClInclude Include="ThirdParty\assimp\CreateAnimMesh.h">
      <Filter>ThirdParty\assimp</Filter>
    </ClInclude>
    <ClInclude Include="ThirdParty\assimp\DefaultIOStream.h">
      <Filter>ThirdParty\assimp</Filter>
    </ClInclude>
    <ClInclude Include="ThirdParty\assimp\DefaultIOSystem.h">
      <Filter>ThirdParty\assimp</Filter>
    </ClInclude>
    <ClInclude Include="ThirdParty\assimp\Exceptional.h">
      <Filter>ThirdParty\assimp</Filter>
    </ClInclude>
    <ClInclude Include="ThirdParty\assimp\GenericProperty.h">
      <Filter>ThirdParty\assimp</Filter>
    </ClInclude>
    <ClInclude Include="ThirdParty\assimp\GltfMaterial.h">
      <Filter>ThirdParty\assimp</Filter>
    </ClInclude>
    <ClInclude Include="ThirdParty\assimp\Hash.h">
      <Filter>ThirdParty\assimp</Filter>
    </ClInclude>
    <ClInclude Include="ThirdParty\assimp\IOStreamBuffer.h">
      <Filter>ThirdParty\assimp</Filter>
    </ClInclude>
    <ClInclude Include="ThirdParty\assimp\LineSplitter.h">
      <Filter>ThirdParty\assimp</Filter>
    </ClInclude>
    <ClInclude Include="ThirdParty\assimp\LogAux.h">
      <Filter>ThirdParty\assimp</Filter>
    </ClInclude>
    <ClInclude Include="ThirdParty\assimp\MathFunctions.h">
      <Filter>ThirdParty\assimp</Filter>
    </ClInclude>
    <ClInclude Include="ThirdParty\assimp\MemoryIOWrapper.h">
      <Filter>ThirdParty\assimp</Filter>
    </ClInclude>
    <ClInclude Include="ThirdParty\assimp\ObjMaterial.h">
      <Filter>ThirdParty\assimp</Filter>
    </ClInclude>
    <ClInclude Include="ThirdParty\assimp\ParsingUtils.h">
      <Filter>ThirdParty\assimp</Filter>
    </ClInclude>
    <ClInclude Include="ThirdParty\assimp\Profiler.h">
      <Filter>ThirdParty\assimp</Filter>
    </ClInclude>
    <ClInclude Include="ThirdParty\assimp\RemoveComments.h">
      <Filter>ThirdParty\assimp</Filter>
    </ClInclude>
    <ClInclude Include="ThirdParty\assimp\SGSpatialSort.h">
      <Filter>ThirdParty\assimp</Filter>
    </ClInclude>
    <ClInclude Include="ThirdParty\assimp\SceneCombiner.h">
      <Filter>ThirdParty\assimp</Filter>
    </ClInclude>
    <ClInclude Include="ThirdParty\assimp\SkeletonMeshBuilder.h">
      <Filter>ThirdParty\assimp</Filter>
    </ClInclude>
    <ClInclude Include="ThirdParty\assimp\SmallVector.h">
      <Filter>ThirdParty\assimp</Filter>
    </ClInclude>
    <ClInclude Include="ThirdParty\assimp\SmoothingGroups.h">
      <Filter>ThirdParty\assimp</Filter>
    </ClInclude>
    <ClInclude Include="ThirdParty\assimp\SpatialSort.h">
      <Filter>ThirdParty\assimp</Filter>
    </ClInclude>
    <ClInclude Include="ThirdParty\assimp\StandardShapes.h">
      <Filter>ThirdParty\assimp</Filter>
    </ClInclude>
    <ClInclude Include="ThirdParty\assimp\StreamReader.h">
      <Filter>ThirdParty\assimp</Filter>
    </ClInclude>
    <ClInclude Include="ThirdParty\assimp\StreamWriter.h">
      <Filter>ThirdParty\assimp</Filter>
    </ClInclude>
    <ClInclude Include="ThirdParty\assimp\StringComparison.h">
      <Filter>ThirdParty\assimp</Filter>
    </ClInclude>
    <ClInclude Include="ThirdParty\assimp\StringUtils.h">
      <Filter>ThirdParty\assimp</Filter>
    </ClInclude>
    <ClInclude Include="ThirdParty\assimp\Subdivision.h">
      <Filter>ThirdParty\assimp</Filter>
    </ClInclude>
    <ClInclude Include="ThirdParty\assimp\TinyFormatter.h">
      <Filter>ThirdParty\assimp</Filter>
    </ClInclude>
    <ClInclude Include="ThirdParty\assimp\Vertex.h">
      <Filter>ThirdParty\assimp</Filter>
    </ClInclude>
    <ClInclude Include="ThirdParty\assimp\XMLTools.h">
      <Filter>ThirdParty\assimp</Filter>
    </ClInclude>
    <ClInclude Include="ThirdParty\assimp\XmlParser.h">
      <Filter>ThirdParty\assimp</Filter>
    </ClInclude>
    <ClInclude Include="ThirdParty\assimp\ZipArchiveIOSystem.h">
      <Filter>ThirdParty\assimp</Filter>
    </ClInclude>
    <ClInclude Include="ThirdParty\assimp\aabb.h">
      <Filter>ThirdParty\assimp</Filter>
    </ClInclude>
    <ClInclude Include="ThirdParty\assimp\ai_assert.h">
      <Filter>ThirdParty\assimp</Filter>
    </ClInclude>
    <ClInclude Include="ThirdParty\assimp\anim.h">
      <Filter>ThirdParty\assimp</Filter>
    </ClInclude>
    <ClInclude Include="ThirdParty\assimp\camera.h">
      <Filter>ThirdParty\assimp</Filter>
    </ClInclude>
    <ClInclude Include="ThirdParty\assimp\cexport.h">
      <Filter>ThirdParty\assimp</Filter>
    </ClInclude>
    <ClInclude Include="ThirdParty\assimp\cfileio.h">
      <Filter>ThirdParty\assimp</Filter>
    </ClInclude>
    <ClInclude Include="ThirdParty\assimp\cimport.h">
      <Filter>ThirdParty\assimp</Filter>
    </ClInclude>
    <ClInclude Include="ThirdParty\assimp\color4.h">
      <Filter>ThirdParty\assimp</Filter>
    </ClInclude>
    <ClInclude Include="ThirdParty\assimp\commonMetaData.h">
      <Filter>ThirdParty\assimp</Filter>
    </ClInclude>
    <ClInclude Include="ThirdParty\assimp\config.h">
      <Filter>ThirdParty\assimp</Filter>
    </ClInclude>
    <ClInclude Include="ThirdParty\assimp\defs.h">
      <Filter>ThirdParty\assimp</Filter>
    </ClInclude>
    <ClInclude Include="ThirdParty\assimp\fast_atof.h">
      <Filter>ThirdParty\assimp</Filter>
    </ClInclude>
    <ClInclude Include="ThirdParty\assimp\importerdesc.h">
      <Filter>ThirdParty\assimp</Filter>
    </ClInclude>
    <ClInclude Include="ThirdParty\assimp\light.h">
      <Filter>ThirdParty\assimp</Filter>
    </ClInclude>
    <ClInclude Include="ThirdParty\assimp\material.h">
      <Filter>ThirdParty\assimp</Filter>
    </ClInclude>
    <ClInclude Include="ThirdParty\assimp\matrix3x3.h">
      <Filter>ThirdParty\assimp</Filter>
    </ClInclude>
    <ClInclude Include="ThirdParty\assimp\matrix4x4.h">
      <Filter>ThirdParty\assimp</Filter>
    </ClInclude>
    <ClInclude Include="ThirdParty\assimp\mesh.h">
      <Filter>ThirdParty\assimp</Filter>
    </ClInclude>
    <ClInclude Include="ThirdParty\assimp\metadata.h">
      <Filter>ThirdParty\assimp</Filter>
    </ClInclude>
    <ClInclude Include="ThirdParty\assimp\pbrmaterial.h">
      <Filter>ThirdParty\assimp</Filter>
    </ClInclude>
    <ClInclude Include="ThirdParty\assimp\port\AndroidJNI\AndroidJNIIOSystem.h">
      <Filter>ThirdParty\assimp\port\AndroidJNI</Filter>
    </ClInclude>
    <ClInclude Include="ThirdParty\assimp\port\AndroidJNI\BundledAssetIOSystem.h">
      <Filter>ThirdParty\assimp\port\AndroidJNI</Filter>
    </ClInclude>
    <ClInclude Include="ThirdParty\assimp\postprocess.h">
      <Filter>ThirdParty\assimp</Filter>
    </ClInclude>
    <ClInclude Include="ThirdParty\assimp\qnan.h">
      <Filter>ThirdParty\assimp</Filter>
    </ClInclude>
    <ClInclude Include="ThirdParty\assimp\quaternion.h">
      <Filter>ThirdParty\assimp</Filter>
    </ClInclude>
    <ClInclude Include="ThirdParty\assimp\scene.h">
      <Filter>ThirdParty\assimp</Filter>
    </ClInclude>
    <ClInclude Include="ThirdParty\assimp\texture.h">
      <Filter>ThirdParty\assimp</Filter>
    </ClInclude>
    <ClInclude Include="ThirdParty\assimp\types.h">
      <Filter>ThirdParty\assimp</Filter>
    </ClInclude>
    <ClInclude Include="ThirdParty\assimp\utf8cpp\source\utf8.h">
      <Filter>ThirdParty\assimp\utf8cpp\source</Filter>
    </ClInclude>
    <ClInclude Include="ThirdParty\assimp\utf8cpp\source\utf8\checked.h">
      <Filter>ThirdParty\assimp\utf8cpp\source\utf8</Filter>
    </ClInclude>
    <ClInclude Include="ThirdParty\assimp\utf8cpp\source\utf8\core.h">
      <Filter>ThirdParty\assimp\utf8cpp\source\utf8</Filter>
    </ClInclude>
    <ClInclude Include="ThirdParty\assimp\utf8cpp\source\utf8\cpp11.h">
      <Filter>ThirdParty\assimp\utf8cpp\source\utf8</Filter>
    </ClInclude>
    <ClInclude Include="ThirdParty\assimp\utf8cpp\source\utf8\cpp17.h">
      <Filter>ThirdParty\assimp\utf8cpp\source\utf8</Filter>
    </ClInclude>
    <ClInclude Include="ThirdParty\assimp\utf8cpp\source\utf8\unchecked.h">
      <Filter>ThirdParty\assimp\utf8cpp\source\utf8</Filter>
    </ClInclude>
    <ClInclude Include="ThirdParty\assimp\vector2.h">
      <Filter>ThirdParty\assimp</Filter>
    </ClInclude>
    <ClInclude Include="ThirdParty\assimp\vector3.h">
      <Filter>ThirdParty\assimp</Filter>
    </ClInclude>
    <ClInclude Include="ThirdParty\assimp\version.h">
      <Filter>ThirdParty\assimp</Filter>
    </ClInclude>
    <ClInclude Include="ThirdParty\dxc\inc\d3d12shader.h">
      <Filter>ThirdParty\dxc\inc</Filter>
    </ClInclude>
    <ClInclude Include="ThirdParty\dxc\inc\dxcapi.h">
      <Filter>ThirdParty\dxc\inc</Filter>
    </ClInclude>
    <ClInclude Include="ThirdParty\imgui\backends\imgui_impl_dx12.h">
      <Filter>ThirdParty\imgui\backends</Filter>
    </ClInclude>
    <ClInclude Include="ThirdParty\imgui\backends\imgui_impl_win32.h">
      <Filter>ThirdParty\imgui\backends</Filter>
    </ClInclude>
    <ClInclude Include="ThirdParty\imgui\imconfig.h">
      <Filter>ThirdParty\imgui</Filter>
    </ClInclude>
    <ClInclude Include="ThirdParty\imgui\imgui.h">
      <Filter>ThirdParty\imgui</Filter>
    </ClInclude>
    <ClInclude Include="ThirdParty\imgui\imgui_internal.h">
      <Filter>ThirdParty\imgui</Filter>
    </ClInclude>
    <ClInclude Include="ThirdParty\imgui\imstb_rectpack.h">
      <Filter>ThirdParty\imgui</Filter>
    </ClInclude>
    <ClInclude Include="ThirdParty\imgui\imstb_textedit.h">
      <Filter>ThirdParty\imgui</Filter>
    </ClInclude>
    <ClInclude Include="ThirdParty\imgui\imstb_truetype.h">
      <Filter>ThirdParty\imgui</Filter>
    </ClInclude>
    <ClInclude Include="ThirdParty\loguru\loguru.h">
      <Filter>ThirdParty\loguru</Filter>
    </ClInclude>
  </ItemGroup>
  <ItemGroup>
    <ClCompile Include="Src\Asset\StaticMesh.cpp">
      <Filter>Src\Asset</Filter>
    </ClCompile>
    <ClCompile Include="Src\EntryPoint.cpp">
      <Filter>Src</Filter>
    </ClCompile>
    <ClCompile Include="Src\Graphics\BlendState.cpp">
      <Filter>Src\Graphics</Filter>
    </ClCompile>
    <ClCompile Include="Src\Graphics\Camera.cpp">
      <Filter>Src\Graphics</Filter>
    </ClCompile>
    <ClCompile Include="Src\Graphics\ColorBuffer.cpp">
      <Filter>Src\Graphics</Filter>
    </ClCompile>
    <ClCompile Include="Src\Graphics\CommandContext.cpp">
      <Filter>Src\Graphics</Filter>
    </ClCompile>
    <ClCompile Include="Src\Graphics\CommandQueue.cpp">
      <Filter>Src\Graphics</Filter>
    </ClCompile>
    <ClCompile Include="Src\Graphics\CpuDescriptorAllocation.cpp">
      <Filter>Src\Graphics</Filter>
    </ClCompile>
    <ClCompile Include="Src\Graphics\CpuDescriptorAllocator.cpp">
      <Filter>Src\Graphics</Filter>
    </ClCompile>
    <ClCompile Include="Src\Graphics\CpuDescriptorAllocatorPage.cpp">
      <Filter>Src\Graphics</Filter>
    </ClCompile>
    <ClCompile Include="Src\Graphics\DX12Helper.cpp">
      <Filter>Src\Graphics</Filter>
    </ClCompile>
    <ClCompile Include="Src\Graphics\DepthBuffer.cpp">
      <Filter>Src\Graphics</Filter>
    </ClCompile>
    <ClCompile Include="Src\Graphics\DepthStencilState.cpp">
      <Filter>Src\Graphics</Filter>
    </ClCompile>
    <ClCompile Include="Src\Graphics\DynamicDescriptorHeap.cpp">
      <Filter>Src\Graphics</Filter>
    </ClCompile>
    <ClCompile Include="Src\Graphics\GameApp.cpp">
      <Filter>Src\Graphics</Filter>
    </ClCompile>
    <ClCompile Include="Src\Graphics\GpuBuffer.cpp">
      <Filter>Src\Graphics</Filter>
    </ClCompile>
    <ClCompile Include="Src\Graphics\GpuLinearAllocator.cpp">
      <Filter>Src\Graphics</Filter>
    </ClCompile>
    <ClCompile Include="Src\Graphics\GpuResource.cpp">
      <Filter>Src\Graphics</Filter>
    </ClCompile>
    <ClCompile Include="Src\Graphics\GpuResourcesStateTracker.cpp">
      <Filter>Src\Graphics</Filter>
    </ClCompile>
    <ClCompile Include="Src\Graphics\GraphicsCore.cpp">
      <Filter>Src\Graphics</Filter>
    </ClCompile>
    <ClCompile Include="Src\Graphics\InputAssemblerLayout.cpp">
      <Filter>Src\Graphics</Filter>
    </ClCompile>
    <ClCompile Include="Src\Graphics\PipelineStateObject.cpp">
      <Filter>Src\Graphics</Filter>
    </ClCompile>
    <ClCompile Include="Src\Graphics\PixelBuffer.cpp">
      <Filter>Src\Graphics</Filter>
    </ClCompile>
    <ClCompile Include="Src\Graphics\PrimitiveTopology.cpp">
      <Filter>Src\Graphics</Filter>
    </ClCompile>
    <ClCompile Include="Src\Graphics\RasterizerState.cpp">
      <Filter>Src\Graphics</Filter>
    </ClCompile>
    <ClCompile Include="Src\Graphics\ReadbackBuffer.cpp">
      <Filter>Src\Graphics</Filter>
    </ClCompile>
    <ClCompile Include="Src\Graphics\RenderDevice.cpp">
      <Filter>Src\Graphics</Filter>
    </ClCompile>
    <ClCompile Include="Src\Graphics\ResourceDescription.cpp">
      <Filter>Src\Graphics</Filter>
    </ClCompile>
    <ClCompile Include="Src\Graphics\ResourceFormat.cpp">
      <Filter>Src\Graphics</Filter>
    </ClCompile>
    <ClCompile Include="Src\Graphics\ResourceState.cpp">
      <Filter>Src\Graphics</Filter>
    </ClCompile>
    <ClCompile Include="Src\Graphics\RootSignature.cpp">
      <Filter>Src\Graphics</Filter>
    </ClCompile>
    <ClCompile Include="Src\Graphics\SamplerDesc.cpp">
      <Filter>Src\Graphics</Filter>
    </ClCompile>
    <ClCompile Include="Src\Graphics\ShaderCompiler.cpp">
      <Filter>Src\Graphics</Filter>
    </ClCompile>
    <ClCompile Include="Src\Graphics\ShaderMap.cpp">
      <Filter>Src\Graphics</Filter>
    </ClCompile>
    <ClCompile Include="Src\Graphics\ShaderPass.cpp">
      <Filter>Src\Graphics</Filter>
    </ClCompile>
    <ClCompile Include="Src\Graphics\ShaderResource.cpp">
      <Filter>Src\Graphics</Filter>
    </ClCompile>
    <ClCompile Include="Src\Graphics\ShaderTechnique.cpp">
      <Filter>Src\Graphics</Filter>
    </ClCompile>
    <ClCompile Include="Src\Graphics\SwapChain.cpp">
      <Filter>Src\Graphics</Filter>
    </ClCompile>
    <ClCompile Include="Src\Graphics\TextureBuffer.cpp">
      <Filter>Src\Graphics</Filter>
    </ClCompile>
    <ClCompile Include="Src\Math\Color.cpp">
      <Filter>Src\Math</Filter>
    </ClCompile>
    <ClCompile Include="Src\ModelLoader\MeshLoaderHelper.cpp">
      <Filter>Src\ModelLoader</Filter>
    </ClCompile>
    <ClCompile Include="Src\ModelLoader\StaticMeshLoader.cpp">
      <Filter>Src\ModelLoader</Filter>
    </ClCompile>
    <ClCompile Include="Src\PCH\PCH.cpp">
      <Filter>Src\PCH</Filter>
    </ClCompile>
    <ClCompile Include="Src\TextureLoader\DDSTextureLoader.cpp">
      <Filter>Src\TextureLoader</Filter>
    </ClCompile>
    <ClCompile Include="Src\TextureLoader\HDRTextureLoader.cpp">
      <Filter>Src\TextureLoader</Filter>
    </ClCompile>
    <ClCompile Include="Src\TextureLoader\TGATextureLoader.cpp">
      <Filter>Src\TextureLoader</Filter>
    </ClCompile>
    <ClCompile Include="Src\TextureLoader\TextureLoaderHelper.cpp">
      <Filter>Src\TextureLoader</Filter>
    </ClCompile>
    <ClCompile Include="Src\TextureLoader\WICTextureLoader.cpp">
      <Filter>Src\TextureLoader</Filter>
    </ClCompile>
    <ClCompile Include="Src\Utility\Assert.cpp">
      <Filter>Src\Utility</Filter>
    </ClCompile>
    <ClCompile Include="Src\Utility\FileUtility.cpp">
      <Filter>Src\Utility</Filter>
    </ClCompile>
    <ClCompile Include="Src\Utility\Hash.cpp">
      <Filter>Src\Utility</Filter>
    </ClCompile>
    <ClCompile Include="Src\Utility\Keyboard.cpp">
      <Filter>Src\Utility</Filter>
    </ClCompile>
    <ClCompile Include="Src\Utility\LogManager.cpp">
      <Filter>Src\Utility</Filter>
    </ClCompile>
    <ClCompile Include="Src\Utility\Mouse.cpp">
      <Filter>Src\Utility</Filter>
    </ClCompile>
    <ClCompile Include="Src\Utility\StringUtility.cpp">
      <Filter>Src\Utility</Filter>
    </ClCompile>
    <ClCompile Include="Src\Utility\SystemTimer.cpp">
      <Filter>Src\Utility</Filter>
    </ClCompile>
    <ClCompile Include="ThirdParty\DirectXTex\BC.cpp">
      <Filter>ThirdParty\DirectXTex</Filter>
    </ClCompile>
    <ClCompile Include="ThirdParty\DirectXTex\BC4BC5.cpp">
      <Filter>ThirdParty\DirectXTex</Filter>
    </ClCompile>
    <ClCompile Include="ThirdParty\DirectXTex\BC6HBC7.cpp">
      <Filter>ThirdParty\DirectXTex</Filter>
    </ClCompile>
    <ClCompile Include="ThirdParty\DirectXTex\DirectXTexCompress.cpp">
      <Filter>ThirdParty\DirectXTex</Filter>
    </ClCompile>
    <ClCompile Include="ThirdParty\DirectXTex\DirectXTexConvert.cpp">
      <Filter>ThirdParty\DirectXTex</Filter>
    </ClCompile>
    <ClCompile Include="ThirdParty\DirectXTex\DirectXTexDDS.cpp">
      <Filter>ThirdParty\DirectXTex</Filter>
    </ClCompile>
    <ClCompile Include="ThirdParty\DirectXTex\DirectXTexFlipRotate.cpp">
      <Filter>ThirdParty\DirectXTex</Filter>
    </ClCompile>
    <ClCompile Include="ThirdParty\DirectXTex\DirectXTexHDR.cpp">
      <Filter>ThirdParty\DirectXTex</Filter>
    </ClCompile>
    <ClCompile Include="ThirdParty\DirectXTex\DirectXTexImage.cpp">
      <Filter>ThirdParty\DirectXTex</Filter>
    </ClCompile>
    <ClCompile Include="ThirdParty\DirectXTex\DirectXTexMipmaps.cpp">
      <Filter>ThirdParty\DirectXTex</Filter>
    </ClCompile>
    <ClCompile Include="ThirdParty\DirectXTex\DirectXTexMisc.cpp">
      <Filter>ThirdParty\DirectXTex</Filter>
    </ClCompile>
    <ClCompile Include="ThirdParty\DirectXTex\DirectXTexNormalMaps.cpp">
      <Filter>ThirdParty\DirectXTex</Filter>
    </ClCompile>
    <ClCompile Include="ThirdParty\DirectXTex\DirectXTexPMAlpha.cpp">
      <Filter>ThirdParty\DirectXTex</Filter>
    </ClCompile>
    <ClCompile Include="ThirdParty\DirectXTex\DirectXTexResize.cpp">
      <Filter>ThirdParty\DirectXTex</Filter>
    </ClCompile>
    <ClCompile Include="ThirdParty\DirectXTex\DirectXTexTGA.cpp">
      <Filter>ThirdParty\DirectXTex</Filter>
    </ClCompile>
    <ClCompile Include="ThirdParty\DirectXTex\DirectXTexUtil.cpp">
      <Filter>ThirdParty\DirectXTex</Filter>
    </ClCompile>
    <ClCompile Include="ThirdParty\DirectXTex\DirectXTexWIC.cpp">
      <Filter>ThirdParty\DirectXTex</Filter>
    </ClCompile>
    <ClCompile Include="ThirdParty\imgui\backends\imgui_impl_dx12.cpp">
      <Filter>ThirdParty\imgui\backends</Filter>
    </ClCompile>
    <ClCompile Include="ThirdParty\imgui\backends\imgui_impl_win32.cpp">
      <Filter>ThirdParty\imgui\backends</Filter>
    </ClCompile>
    <ClCompile Include="ThirdParty\imgui\imgui.cpp">
      <Filter>ThirdParty\imgui</Filter>
    </ClCompile>
    <ClCompile Include="ThirdParty\imgui\imgui_demo.cpp">
      <Filter>ThirdParty\imgui</Filter>
    </ClCompile>
    <ClCompile Include="ThirdParty\imgui\imgui_draw.cpp">
      <Filter>ThirdParty\imgui</Filter>
    </ClCompile>
    <ClCompile Include="ThirdParty\imgui\imgui_tables.cpp">
      <Filter>ThirdParty\imgui</Filter>
    </ClCompile>
    <ClCompile Include="ThirdParty\imgui\imgui_widgets.cpp">
      <Filter>ThirdParty\imgui</Filter>
    </ClCompile>
    <ClCompile Include="ThirdParty\loguru\loguru.cpp">
      <Filter>ThirdParty\loguru</Filter>
    </ClCompile>
  </ItemGroup>
  <ItemGroup>
    <FxCompile Include="Src\Shaders\IMGUIShader.hlsl">
      <Filter>Src\Shaders</Filter>
    </FxCompile>
    <FxCompile Include="Src\Shaders\MeshShader.hlsl">
      <Filter>Src\Shaders</Filter>
    </FxCompile>
    <FxCompile Include="Src\Shaders\PresentShader.hlsl">
      <Filter>Src\Shaders</Filter>
    </FxCompile>
    <FxCompile Include="Src\Shaders\generateMips.hlsl">
      <Filter>Src\Shaders</Filter>
    </FxCompile>
  </ItemGroup>
  <ItemGroup>
    <None Include="packages.config" />
  </ItemGroup>
</Project>